
Microsoft Visual Studio Solution File, Format Version 12.00
# Visual Studio Version 16
VisualStudioVersion = 16.0.29905.134
MinimumVisualStudioVersion = 10.0.40219.1
Project("{FAE04EC0-301F-11D3-BF4B-00C04F79EFBC}") = "WebAPICustomer", "WebAPICustomer.csproj", "{2176E5C0-F2C5-4AC1-844C-6BB34850090D}"
EndProject
Global
	GlobalSection(SolutionConfigurationPlatforms) = preSolution
		Debug|Any CPU = Debug|Any CPU
		Release|Any CPU = Release|Any CPU
	EndGlobalSection
	GlobalSection(ProjectConfigurationPlatforms) = postSolution
		{2176E5C0-F2C5-4AC1-844C-6BB34850090D}.Debug|Any CPU.ActiveCfg = Debug|Any CPU
		{2176E5C0-F2C5-4AC1-844C-6BB34850090D}.Debug|Any CPU.Build.0 = Debug|Any CPU
		{2176E5C0-F2C5-4AC1-844C-6BB34850090D}.Release|Any CPU.ActiveCfg = Release|Any CPU
		{2176E5C0-F2C5-4AC1-844C-6BB34850090D}.Release|Any CPU.Build.0 = Release|Any CPU
	EndGlobalSection
	GlobalSection(SolutionProperties) = preSolution
		HideSolutionNode = FALSE
	EndGlobalSection
	GlobalSection(ExtensibilityGlobals) = postSolution
		SolutionGuid = {A66E988A-1ABB-4EF4-85B2-557C9706D791}
	EndGlobalSection
EndGlobal
